
Microsoft Visual Studio Solution File, Format Version 12.00
# Visual Studio 15
VisualStudioVersion = 15.0.28307.168
MinimumVisualStudioVersion = 10.0.40219.1
Project("{FAE04EC0-301F-11D3-BF4B-00C04F79EFBC}") = "NewProjectTreeDialog", "NewProjectTreeDialog\NewProjectTreeDialog.csproj", "{49D8169A-9D85-4704-A633-E7C112E68E46}"
EndProject
Global
	GlobalSection(SolutionConfigurationPlatforms) = preSolution
		Debug|Any CPU = Debug|Any CPU
		Release|Any CPU = Release|Any CPU
	EndGlobalSection
	GlobalSection(ProjectConfigurationPlatforms) = postSolution
		{49D8169A-9D85-4704-A633-E7C112E68E46}.Debug|Any CPU.ActiveCfg = Debug|Any CPU
		{49D8169A-9D85-4704-A633-E7C112E68E46}.Debug|Any CPU.Build.0 = Debug|Any CPU
		{49D8169A-9D85-4704-A633-E7C112E68E46}.Release|Any CPU.ActiveCfg = Release|Any CPU
		{49D8169A-9D85-4704-A633-E7C112E68E46}.Release|Any CPU.Build.0 = Release|Any CPU
	EndGlobalSection
	GlobalSection(SolutionProperties) = preSolution
		HideSolutionNode = FALSE
	EndGlobalSection
	GlobalSection(ExtensibilityGlobals) = postSolution
		SolutionGuid = {F8827F00-5E60-4F9B-9B3E-D76E88D13349}
	EndGlobalSection
EndGlobal
